<?xml version="1.0" encoding="utf-8"?>
<Project ToolsVersion="4.0" xmlns="http://schemas.microsoft.com/developer/msbuild/2003">
  <ItemGroup>
    <Filter Include="00. MainApp">
      <UniqueIdentifier>{923ede66-604c-489c-a726-9aedc9ee0c23}</UniqueIdentifier>
    </Filter>
    <Filter Include="98. Default">
      <UniqueIdentifier>{b6e3488f-aaca-4d7f-914d-b7822bfef9f1}</UniqueIdentifier>
    </Filter>
    <Filter Include="01. Level">
      <UniqueIdentifier>{5ebc6559-3582-494e-9f25-89fe5352db35}</UniqueIdentifier>
    </Filter>
    <Filter Include="01. Level\00. Loading">
      <UniqueIdentifier>{0d1d52db-0e80-4910-900d-a2c0c2308e86}</UniqueIdentifier>
    </Filter>
    <Filter Include="01. Level\01. Logo">
      <UniqueIdentifier>{4a2b79b3-fa2c-49e6-a214-c4c5e6456be9}</UniqueIdentifier>
    </Filter>
    <Filter Include="01. Level\02. GamePlay">
      <UniqueIdentifier>{aa501a6a-6f33-485b-9afd-47a0492b7e34}</UniqueIdentifier>
    </Filter>
    <Filter Include="01. Level\00. Loading\Loader">
      <UniqueIdentifier>{a9814be6-2f13-47c9-ade7-1abf89e64d08}</UniqueIdentifier>
    </Filter>
    <Filter Include="02. GameObjects">
      <UniqueIdentifier>{e8f2541a-935c-472a-8e8c-48a76ffe6196}</UniqueIdentifier>
    </Filter>
    <Filter Include="97. ShaderFiles">
      <UniqueIdentifier>{af110146-d2e3-452f-b8cb-3e3b311fc82a}</UniqueIdentifier>
    </Filter>
    <Filter Include="01. Level\98. MapTool">
      <UniqueIdentifier>{bacf02ee-dc01-4e6c-9520-62f4aafea879}</UniqueIdentifier>
    </Filter>
    <Filter Include="96. Tool">
      <UniqueIdentifier>{ab291286-4b0f-498c-9e66-7115bbceb659}</UniqueIdentifier>
    </Filter>
    <Filter Include="96. Tool\MapEditor">
      <UniqueIdentifier>{26194212-847b-4b58-ada4-b8d5ca862e7f}</UniqueIdentifier>
    </Filter>
    <Filter Include="96. Tool\LevelSwicher">
      <UniqueIdentifier>{f8142ae6-388f-4ab3-ac8f-676a67e37d67}</UniqueIdentifier>
    </Filter>
    <Filter Include="80. Manager">
      <UniqueIdentifier>{2a424dab-a796-451c-9205-502d7a61b77b}</UniqueIdentifier>
    </Filter>
    <Filter Include="96. Tool\ImGuiSetting">
      <UniqueIdentifier>{08d2c3bf-a4f3-4cdd-9eca-6ee22fcc5590}</UniqueIdentifier>
    </Filter>
    <Filter Include="96. Tool\PrototypeMgr">
      <UniqueIdentifier>{42f1aeaa-ace4-432c-8b94-cc360bf4edc6}</UniqueIdentifier>
    </Filter>
    <Filter Include="96. Tool\ModelSave">
      <UniqueIdentifier>{68986fdd-7af9-4209-8432-30d140a53543}</UniqueIdentifier>
    </Filter>
    <Filter Include="96. Tool\AnimationMgr">
      <UniqueIdentifier>{f5d3012a-3a8a-45d2-ae12-0d0cb3ebb2eb}</UniqueIdentifier>
    </Filter>
    <Filter Include="99. Defines">
      <UniqueIdentifier>{0b1f912b-dd5d-4e21-a571-b5ebae10fbc9}</UniqueIdentifier>
    </Filter>
    <Filter Include="80. Manager\Parent">
      <UniqueIdentifier>{4074bb38-1999-42a9-aaee-0b381fc908ac}</UniqueIdentifier>
    </Filter>
    <Filter Include="80. Manager\Parent\UI">
      <UniqueIdentifier>{a1eea65a-21ec-447c-b858-f001d7f86e83}</UniqueIdentifier>
    </Filter>
    <Filter Include="02. GameObjects\00. Public">
      <UniqueIdentifier>{000a38b3-e405-423c-9007-098eaf9c7ac2}</UniqueIdentifier>
    </Filter>
    <Filter Include="02. GameObjects\00. Public\BackGround">
      <UniqueIdentifier>{ffec1145-601d-4001-bf18-d3109d2b7b12}</UniqueIdentifier>
    </Filter>
    <Filter Include="02. GameObjects\00. Public\Sky">
      <UniqueIdentifier>{748ea821-7f4a-4f50-85b9-72872af6f3c3}</UniqueIdentifier>
    </Filter>
    <Filter Include="02. GameObjects\00. Public\DynamicCamera">
      <UniqueIdentifier>{8c1a88e5-8e98-481a-8c36-5f9ba18915a1}</UniqueIdentifier>
    </Filter>
    <Filter Include="02. GameObjects\00. Public\Terrain">
      <UniqueIdentifier>{c7a253d8-3691-4db7-8305-330df89a75aa}</UniqueIdentifier>
    </Filter>
    <Filter Include="02. GameObjects\01. GamePlay">
      <UniqueIdentifier>{5de486cb-8015-497d-b01d-47d0032744d6}</UniqueIdentifier>
    </Filter>
    <Filter Include="02. GameObjects\01. GamePlay\Player">
      <UniqueIdentifier>{1968dafe-99ea-49a4-af7a-8931117caf2d}</UniqueIdentifier>
    </Filter>
    <Filter Include="02. GameObjects\01. GamePlay\Player\State">
      <UniqueIdentifier>{08f17e07-94ac-464b-841c-faea7650b009}</UniqueIdentifier>
    </Filter>
    <Filter Include="02. GameObjects\01. GamePlay\StaticCamera">
      <UniqueIdentifier>{3b5815cb-323e-46e7-b108-b53d641a90ce}</UniqueIdentifier>
    </Filter>
    <Filter Include="02. GameObjects\01. GamePlay\StaticMesh">
      <UniqueIdentifier>{dee98d7a-cf21-4013-a7aa-21f8cdb8dd8f}</UniqueIdentifier>
    </Filter>
    <Filter Include="02. GameObjects\01. GamePlay\Weapon">
      <UniqueIdentifier>{0c5cb2fb-2da5-4edd-8604-66fdb313efcf}</UniqueIdentifier>
    </Filter>
    <Filter Include="02. GameObjects\01. GamePlay\Monster">
      <UniqueIdentifier>{0bbf329f-2bee-4b97-b8ee-4c1a9afeb6b7}</UniqueIdentifier>
    </Filter>
    <Filter Include="02. GameObjects\01. GamePlay\Effect">
      <UniqueIdentifier>{88b4e1c4-5ec6-4328-9132-cdcc15de5843}</UniqueIdentifier>
    </Filter>
    <Filter Include="02. GameObjects\01. Logo">
      <UniqueIdentifier>{ed8c2753-49bc-4cfc-847a-2746502b57e1}</UniqueIdentifier>
    </Filter>
    <Filter Include="02. GameObjects\01. Logo\00. LobbyObject">
      <UniqueIdentifier>{e32f3b10-9e33-433a-a78d-17d0959a7630}</UniqueIdentifier>
    </Filter>
    <Filter Include="02. GameObjects\01. Logo\00. LobbyObject\Home">
      <UniqueIdentifier>{ede94a21-c603-4223-b52b-dfb1f022e4c0}</UniqueIdentifier>
    </Filter>
    <Filter Include="02. GameObjects\01. Logo\00. LobbyObject\LaiLuo_Home">
      <UniqueIdentifier>{c9cbb75c-1963-4184-8d13-711decebbad5}</UniqueIdentifier>
    </Filter>
    <Filter Include="02. GameObjects\01. Logo\00. LobbyObject\Deco">
      <UniqueIdentifier>{594493c1-5914-488d-8a59-e28b64f4f40a}</UniqueIdentifier>
    </Filter>
    <Filter Include="02. GameObjects\01. GamePlay\UI">
      <UniqueIdentifier>{82fde56f-12e7-40f9-8182-5f5996588a24}</UniqueIdentifier>
    </Filter>
    <Filter Include="02. GameObjects\01. GamePlay\UI\PlayerUI">
      <UniqueIdentifier>{370b1e6a-434a-4eae-8aeb-3d69ca0dacc7}</UniqueIdentifier>
    </Filter>
    <Filter Include="96. Tool\Navigation Editor">
      <UniqueIdentifier>{82c3d4bb-aeda-4a2b-96aa-5faf6d9849f2}</UniqueIdentifier>
    </Filter>
    <Filter Include="02. GameObjects\01. GamePlay\UI\CountUI">
      <UniqueIdentifier>{6b233713-0b9b-4049-b239-53e0d2111f33}</UniqueIdentifier>
    </Filter>
    <Filter Include="02. GameObjects\01. GamePlay\Bullet">
      <UniqueIdentifier>{0ca297de-8801-4a9a-803c-69a428b8a133}</UniqueIdentifier>
    </Filter>
    <Filter Include="80. Manager\Parent\Bullet">
      <UniqueIdentifier>{3b4e5e48-d73a-4a22-bd20-f1a1d195fa20}</UniqueIdentifier>
    </Filter>
    <Filter Include="80. Manager\Parent\Monster">
      <UniqueIdentifier>{308ecef5-683a-4d69-93f3-920f57bc9d97}</UniqueIdentifier>
    </Filter>
    <Filter Include="02. GameObjects\01. GamePlay\Monster\00. NormalMap">
      <UniqueIdentifier>{8ee6f963-d6fd-40e9-8ce2-e4bfc9cd1f76}</UniqueIdentifier>
    </Filter>
    <Filter Include="02. GameObjects\01. GamePlay\Monster\01. DesertMap">
      <UniqueIdentifier>{dea0dc07-9711-4772-a44a-dbcdd77cb741}</UniqueIdentifier>
    </Filter>
    <Filter Include="02. GameObjects\01. GamePlay\Monster\00. NormalMap\Human_Sword">
      <UniqueIdentifier>{a4eaa124-e960-4ca9-a738-77b935b7d69a}</UniqueIdentifier>
    </Filter>
    <Filter Include="02. GameObjects\01. GamePlay\Monster\00. NormalMap\Human_Spear">
      <UniqueIdentifier>{a2bd8373-65a2-493d-975e-3c181c8c3592}</UniqueIdentifier>
    </Filter>
    <Filter Include="02. GameObjects\01. GamePlay\Monster\00. NormalMap\Human_Granade">
      <UniqueIdentifier>{22fa6a54-91c2-4b88-831b-07905b1042a6}</UniqueIdentifier>
    </Filter>
    <Filter Include="02. GameObjects\01. GamePlay\Monster\00. NormalMap\Human_Bow">
      <UniqueIdentifier>{b57a7207-b5e1-411c-9a39-a2200cad1fce}</UniqueIdentifier>
    </Filter>
    <Filter Include="02. GameObjects\01. GamePlay\Monster\00. NormalMap\Human_Explod_Fire">
      <UniqueIdentifier>{db1f4cc6-e3e7-4b8f-af81-3c7060896c9e}</UniqueIdentifier>
    </Filter>
    <Filter Include="02. GameObjects\01. GamePlay\Monster\00. NormalMap\Elite_Bug">
      <UniqueIdentifier>{176579da-a6b8-4d31-b900-9aec637880b9}</UniqueIdentifier>
    </Filter>
    <Filter Include="02. GameObjects\01. GamePlay\Monster\00. NormalMap\Elite_Knight">
      <UniqueIdentifier>{d7b99ab9-6d6b-4466-9d2d-c429f4abab4b}</UniqueIdentifier>
    </Filter>
    <Filter Include="02. GameObjects\01. GamePlay\Monster\00. NormalMap\Human_Spear\State">
      <UniqueIdentifier>{05dbf438-c5cb-4376-bcd9-54343ce5a3d6}</UniqueIdentifier>
    </Filter>
    <Filter Include="02. GameObjects\01. GamePlay\Monster\00. NormalMap\Human_Sword\State">
      <UniqueIdentifier>{b18736cb-ee32-4d20-a95f-c44f3424a712}</UniqueIdentifier>
    </Filter>
    <Filter Include="02. GameObjects\01. GamePlay\Monster\00. NormalMap\Human_Granade\State">
      <UniqueIdentifier>{73812d6b-4325-4e52-adf1-470887f416a6}</UniqueIdentifier>
    </Filter>
    <Filter Include="02. GameObjects\01. GamePlay\Monster\00. NormalMap\Human_Bow\State">
      <UniqueIdentifier>{716ca7ba-c87a-4046-aeec-a10070afb401}</UniqueIdentifier>
    </Filter>
    <Filter Include="02. GameObjects\01. GamePlay\Monster\00. NormalMap\Human_Explod_Fire\State">
      <UniqueIdentifier>{3063f971-9536-4abb-ab60-9d03a040dd3c}</UniqueIdentifier>
    </Filter>
    <Filter Include="02. GameObjects\01. GamePlay\Monster\00. NormalMap\Elite_Bug\State">
      <UniqueIdentifier>{cd71d742-2125-43d4-955e-4ea31ef67c3b}</UniqueIdentifier>
    </Filter>
    <Filter Include="02. GameObjects\01. GamePlay\Monster\00. NormalMap\Elite_Knight\State">
      <UniqueIdentifier>{764ff002-4b6b-42ba-b3c3-670a0f79fc7c}</UniqueIdentifier>
    </Filter>
    <Filter Include="80. Manager\Parent\Monster\MonsterUI">
      <UniqueIdentifier>{64fb71f1-1222-4606-a8a3-dedd72070a39}</UniqueIdentifier>
    </Filter>
    <Filter Include="02. GameObjects\01. GamePlay\Effect\PlayerBullet_Effect">
      <UniqueIdentifier>{33eee11e-84bd-4598-abbd-c55966c7d1ad}</UniqueIdentifier>
    </Filter>
    <Filter Include="02. GameObjects\01. GamePlay\MonsterUI">
      <UniqueIdentifier>{4bfe0ec9-29a2-48d5-a817-53b7c6f778d4}</UniqueIdentifier>
    </Filter>
    <Filter Include="80. Manager\Parent\Effect">
      <UniqueIdentifier>{3e307ee0-a1bf-4fba-8e8a-b9501c575777}</UniqueIdentifier>
    </Filter>
    <Filter Include="02. GameObjects\01. GamePlay\Bullet\Player">
      <UniqueIdentifier>{83dc4d83-c468-4935-aa09-226cfb1358ce}</UniqueIdentifier>
    </Filter>
    <Filter Include="02. GameObjects\01. GamePlay\Bullet\Monster">
      <UniqueIdentifier>{c2afb720-e2a8-4cfa-9911-f8184c42d10d}</UniqueIdentifier>
    </Filter>
    <Filter Include="02. GameObjects\01. GamePlay\Monster\00. NormalMap\Elite_Bug\Junior">
      <UniqueIdentifier>{dbee30e0-afea-470d-94b0-b63964962d20}</UniqueIdentifier>
    </Filter>
    <Filter Include="02. GameObjects\01. GamePlay\Monster\00. NormalMap\Elite_Bug\Junior\State">
      <UniqueIdentifier>{440f49ea-0a71-443a-9267-0a299fa8806c}</UniqueIdentifier>
    </Filter>
    <Filter Include="02. GameObjects\00. Public\NormalMap">
      <UniqueIdentifier>{e7ea96ac-a3a4-47cc-bbea-15278d857643}</UniqueIdentifier>
    </Filter>
    <Filter Include="02. GameObjects\00. Public\NormalBossMap">
      <UniqueIdentifier>{d74ce085-23ee-48c1-8458-b7750f3f389d}</UniqueIdentifier>
    </Filter>
  </ItemGroup>
  <ItemGroup>
    <ClInclude Include="Client_JH.h">
      <Filter>98. Default</Filter>
    </ClInclude>
    <ClInclude Include="Resource.h">
      <Filter>98. Default</Filter>
    </ClInclude>
    <ClInclude Include="stdafx.h">
      <Filter>98. Default</Filter>
    </ClInclude>
    <ClInclude Include="targetver.h">
      <Filter>98. Default</Filter>
    </ClInclude>
    <ClInclude Include="..\public\MainApp.h">
      <Filter>00. MainApp</Filter>
    </ClInclude>
    <ClInclude Include="..\public\Loader.h">
      <Filter>01. Level\00. Loading\Loader</Filter>
    </ClInclude>
    <ClInclude Include="..\public\Level_Logo.h">
      <Filter>01. Level\01. Logo</Filter>
    </ClInclude>
    <ClInclude Include="..\public\Level_Loading.h">
      <Filter>01. Level\00. Loading</Filter>
    </ClInclude>
    <ClInclude Include="..\public\Level_GamePlay.h">
      <Filter>01. Level\02. GamePlay</Filter>
    </ClInclude>
    <ClInclude Include="..\public\BackGround.h">
      <Filter>02. GameObjects\00. Public\BackGround</Filter>
    </ClInclude>
    <ClInclude Include="..\public\Terrain.h">
      <Filter>02. GameObjects\00. Public\Terrain</Filter>
    </ClInclude>
    <ClInclude Include="..\public\Dynamic_Camera.h">
      <Filter>02. GameObjects\00. Public\DynamicCamera</Filter>
    </ClInclude>
    <ClInclude Include="..\public\Player.h">
      <Filter>02. GameObjects\01. GamePlay\Player</Filter>
    </ClInclude>
    <ClInclude Include="..\public\Imgui_MapEditor.h">
      <Filter>96. Tool\MapEditor</Filter>
    </ClInclude>
    <ClInclude Include="..\public\Imgui_LevelSwitcher.h">
      <Filter>96. Tool\LevelSwicher</Filter>
    </ClInclude>
    <ClInclude Include="..\public\Level_MapEditor.h">
      <Filter>01. Level\98. MapTool</Filter>
    </ClInclude>
    <ClInclude Include="Imgui_Setting.h">
      <Filter>96. Tool\ImGuiSetting</Filter>
    </ClInclude>
    <ClInclude Include="..\public\Imgui_ProtoMgr.h">
      <Filter>96. Tool\PrototypeMgr</Filter>
    </ClInclude>
    <ClInclude Include="..\public\ForkLift.h">
      <Filter>02. GameObjects\01. GamePlay\StaticMesh</Filter>
    </ClInclude>
    <ClInclude Include="..\public\Home.h">
      <Filter>02. GameObjects\01. Logo\00. LobbyObject\Home</Filter>
    </ClInclude>
    <ClInclude Include="..\public\Home_Deco.h">
      <Filter>02. GameObjects\01. Logo\00. LobbyObject\Deco</Filter>
    </ClInclude>
    <ClInclude Include="..\public\LaiLuo_Home.h">
      <Filter>02. GameObjects\01. Logo\00. LobbyObject\LaiLuo_Home</Filter>
    </ClInclude>
    <ClInclude Include="..\public\Imgui_ModelSave.h">
      <Filter>96. Tool\ModelSave</Filter>
    </ClInclude>
    <ClInclude Include="..\public\Weapon.h">
      <Filter>02. GameObjects\01. GamePlay\Weapon</Filter>
    </ClInclude>
    <ClInclude Include="..\public\Static_Camera.h">
      <Filter>02. GameObjects\01. GamePlay\StaticCamera</Filter>
    </ClInclude>
    <ClInclude Include="..\public\Sky.h">
      <Filter>02. GameObjects\00. Public\Sky</Filter>
    </ClInclude>
    <ClInclude Include="..\public\Imgui_AnimationMgr.h">
      <Filter>96. Tool\AnimationMgr</Filter>
    </ClInclude>
    <ClInclude Include="..\public\Effect_Point_Instancing.h">
      <Filter>02. GameObjects\01. GamePlay\Effect</Filter>
    </ClInclude>
    <ClInclude Include="..\public\Client_Defines.h">
      <Filter>99. Defines</Filter>
    </ClInclude>
    <ClInclude Include="..\Bin\ShaderFiles\Shader_Client_Defines.h">
      <Filter>97. ShaderFiles</Filter>
    </ClInclude>
    <ClInclude Include="..\public\Weapon_State.h">
      <Filter>02. GameObjects\01. GamePlay\Player\State</Filter>
    </ClInclude>
    <ClInclude Include="..\public\UI.h">
      <Filter>80. Manager\Parent\UI</Filter>
    </ClInclude>
    <ClInclude Include="..\public\PlayerUI_Base.h">
      <Filter>02. GameObjects\01. GamePlay\UI\PlayerUI</Filter>
    </ClInclude>
    <ClInclude Include="..\public\NumberUI.h">
      <Filter>02. GameObjects\01. GamePlay\UI\CountUI</Filter>
    </ClInclude>
    <ClInclude Include="..\public\Imgui_NavigationEditor.h">
      <Filter>96. Tool\Navigation Editor</Filter>
    </ClInclude>
    <ClInclude Include="..\public\Bullet.h">
      <Filter>80. Manager\Parent\Bullet</Filter>
    </ClInclude>
    <ClInclude Include="..\public\Monster.h">
      <Filter>80. Manager\Parent\Monster</Filter>
    </ClInclude>
    <ClInclude Include="..\public\Human_Sword.h">
      <Filter>02. GameObjects\01. GamePlay\Monster\00. NormalMap\Human_Sword</Filter>
    </ClInclude>
    <ClInclude Include="..\public\Human_Spear.h">
      <Filter>02. GameObjects\01. GamePlay\Monster\00. NormalMap\Human_Spear</Filter>
    </ClInclude>
    <ClInclude Include="..\public\Human_Spear_State.h">
      <Filter>02. GameObjects\01. GamePlay\Monster\00. NormalMap\Human_Spear\State</Filter>
    </ClInclude>
    <ClInclude Include="..\public\Human_Sword_State.h">
      <Filter>02. GameObjects\01. GamePlay\Monster\00. NormalMap\Human_Sword\State</Filter>
    </ClInclude>
    <ClInclude Include="..\public\Human_Granade.h">
      <Filter>02. GameObjects\01. GamePlay\Monster\00. NormalMap\Human_Granade</Filter>
    </ClInclude>
    <ClInclude Include="..\public\Human_Granade_State.h">
      <Filter>02. GameObjects\01. GamePlay\Monster\00. NormalMap\Human_Granade\State</Filter>
    </ClInclude>
    <ClInclude Include="..\public\Human_Bow.h">
      <Filter>02. GameObjects\01. GamePlay\Monster\00. NormalMap\Human_Bow</Filter>
    </ClInclude>
    <ClInclude Include="..\public\Human_Bow_State.h">
      <Filter>02. GameObjects\01. GamePlay\Monster\00. NormalMap\Human_Bow\State</Filter>
    </ClInclude>
    <ClInclude Include="..\public\Human_Explode.h">
      <Filter>02. GameObjects\01. GamePlay\Monster\00. NormalMap\Human_Explod_Fire</Filter>
    </ClInclude>
    <ClInclude Include="..\public\Human_Explode_State.h">
      <Filter>02. GameObjects\01. GamePlay\Monster\00. NormalMap\Human_Explod_Fire\State</Filter>
    </ClInclude>
    <ClInclude Include="..\public\Elite_Bug.h">
      <Filter>02. GameObjects\01. GamePlay\Monster\00. NormalMap\Elite_Bug</Filter>
    </ClInclude>
    <ClInclude Include="..\public\Elite_Bug_State.h">
      <Filter>02. GameObjects\01. GamePlay\Monster\00. NormalMap\Elite_Bug\State</Filter>
    </ClInclude>
    <ClInclude Include="..\public\Elite_Knight.h">
      <Filter>02. GameObjects\01. GamePlay\Monster\00. NormalMap\Elite_Knight</Filter>
    </ClInclude>
    <ClInclude Include="..\public\Elite_Knight_State.h">
      <Filter>02. GameObjects\01. GamePlay\Monster\00. NormalMap\Elite_Knight\State</Filter>
    </ClInclude>
    <ClInclude Include="..\public\MonsterUI.h">
      <Filter>02. GameObjects\01. GamePlay\MonsterUI</Filter>
    </ClInclude>
    <ClInclude Include="..\public\BulletEffect.h">
      <Filter>02. GameObjects\01. GamePlay\Effect\PlayerBullet_Effect</Filter>
    </ClInclude>
    <ClInclude Include="..\public\Default_Pistol.h">
      <Filter>02. GameObjects\01. GamePlay\Bullet\Player</Filter>
    </ClInclude>
    <ClInclude Include="..\public\Effect.h">
      <Filter>80. Manager\Parent\Effect</Filter>
    </ClInclude>
    <ClInclude Include="..\public\Arrow.h">
      <Filter>02. GameObjects\01. GamePlay\Bullet\Monster</Filter>
    </ClInclude>
    <ClInclude Include="..\private\Boom.h">
      <Filter>02. GameObjects\01. GamePlay\Bullet\Monster</Filter>
    </ClInclude>
    <ClInclude Include="..\public\Little_Bug.h">
      <Filter>02. GameObjects\01. GamePlay\Monster\00. NormalMap\Elite_Bug\Junior</Filter>
    </ClInclude>
    <ClInclude Include="..\public\Little_Bug_State.h">
      <Filter>02. GameObjects\01. GamePlay\Monster\00. NormalMap\Elite_Bug\Junior\State</Filter>
    </ClInclude>
    <ClInclude Include="..\public\Blade.h" />
    <ClInclude Include="..\public\NormalMap.h">
      <Filter>02. GameObjects\00. Public\NormalMap</Filter>
    </ClInclude>
    <ClInclude Include="..\public\Normal_BossMap.h">
      <Filter>02. GameObjects\00. Public\NormalBossMap</Filter>
    </ClInclude>
  </ItemGroup>
  <ItemGroup>
    <ClCompile Include="Client_JH.cpp">
      <Filter>98. Default</Filter>
    </ClCompile>
    <ClCompile Include="stdafx.cpp">
      <Filter>98. Default</Filter>
    </ClCompile>
    <ClCompile Include="..\private\MainApp.cpp">
      <Filter>00. MainApp</Filter>
    </ClCompile>
    <ClCompile Include="..\private\Loader.cpp">
      <Filter>01. Level\00. Loading\Loader</Filter>
    </ClCompile>
    <ClCompile Include="..\private\Level_Logo.cpp">
      <Filter>01. Level\01. Logo</Filter>
    </ClCompile>
    <ClCompile Include="..\private\Level_Loading.cpp">
      <Filter>01. Level\00. Loading</Filter>
    </ClCompile>
    <ClCompile Include="..\private\Level_GamePlay.cpp">
      <Filter>01. Level\02. GamePlay</Filter>
    </ClCompile>
    <ClCompile Include="..\private\BackGround.cpp">
      <Filter>02. GameObjects\00. Public\BackGround</Filter>
    </ClCompile>
    <ClCompile Include="..\private\Terrain.cpp">
      <Filter>02. GameObjects\00. Public\Terrain</Filter>
    </ClCompile>
    <ClCompile Include="..\private\Dynamic_Camera.cpp">
      <Filter>02. GameObjects\00. Public\DynamicCamera</Filter>
    </ClCompile>
    <ClCompile Include="..\private\Player.cpp">
      <Filter>02. GameObjects\01. GamePlay\Player</Filter>
    </ClCompile>
    <ClCompile Include="..\private\Imgui_MapEditor.cpp">
      <Filter>96. Tool\MapEditor</Filter>
    </ClCompile>
    <ClCompile Include="..\private\Imgui_LevelSwitcher.cpp">
      <Filter>96. Tool\LevelSwicher</Filter>
    </ClCompile>
    <ClCompile Include="..\private\Level_MapEditor.cpp">
      <Filter>01. Level\98. MapTool</Filter>
    </ClCompile>
    <ClCompile Include="Imgui_Setting.cpp">
      <Filter>96. Tool\ImGuiSetting</Filter>
    </ClCompile>
    <ClCompile Include="..\private\Imgui_ProtoMgr.cpp">
      <Filter>96. Tool\PrototypeMgr</Filter>
    </ClCompile>
    <ClCompile Include="..\private\ForkLift.cpp">
      <Filter>02. GameObjects\01. GamePlay\StaticMesh</Filter>
    </ClCompile>
    <ClCompile Include="..\private\Home_Deco.cpp">
      <Filter>02. GameObjects\01. Logo\00. LobbyObject\Deco</Filter>
    </ClCompile>
    <ClCompile Include="..\private\Home.cpp">
      <Filter>02. GameObjects\01. Logo\00. LobbyObject\Home</Filter>
    </ClCompile>
    <ClCompile Include="..\private\LaiLuo_Home.cpp">
      <Filter>02. GameObjects\01. Logo\00. LobbyObject\LaiLuo_Home</Filter>
    </ClCompile>
    <ClCompile Include="..\private\Imgui_ModelSave.cpp">
      <Filter>96. Tool\ModelSave</Filter>
    </ClCompile>
    <ClCompile Include="..\private\Weapon.cpp">
      <Filter>02. GameObjects\01. GamePlay\Weapon</Filter>
    </ClCompile>
    <ClCompile Include="..\private\Static_Camera.cpp">
      <Filter>02. GameObjects\01. GamePlay\StaticCamera</Filter>
    </ClCompile>
    <ClCompile Include="..\private\Sky.cpp">
      <Filter>02. GameObjects\00. Public\Sky</Filter>
    </ClCompile>
    <ClCompile Include="..\private\Imgui_AnimationMgr.cpp">
      <Filter>96. Tool\AnimationMgr</Filter>
    </ClCompile>
    <ClCompile Include="..\private\Effect_Point_Instancing.cpp">
      <Filter>02. GameObjects\01. GamePlay\Effect</Filter>
    </ClCompile>
    <ClCompile Include="..\private\Weapon_State.cpp">
      <Filter>02. GameObjects\01. GamePlay\Player\State</Filter>
    </ClCompile>
    <ClCompile Include="..\private\UI.cpp">
      <Filter>80. Manager\Parent\UI</Filter>
    </ClCompile>
    <ClCompile Include="..\private\PlayerUI_Base.cpp">
      <Filter>02. GameObjects\01. GamePlay\UI\PlayerUI</Filter>
    </ClCompile>
    <ClCompile Include="..\private\NumberUI.cpp">
      <Filter>02. GameObjects\01. GamePlay\UI\CountUI</Filter>
    </ClCompile>
    <ClCompile Include="..\private\Imgui_NavigationEditor.cpp">
      <Filter>96. Tool\Navigation Editor</Filter>
    </ClCompile>
    <ClCompile Include="..\private\Bullet.cpp">
      <Filter>80. Manager\Parent\Bullet</Filter>
    </ClCompile>
    <ClCompile Include="..\private\Monster.cpp">
      <Filter>80. Manager\Parent\Monster</Filter>
    </ClCompile>
    <ClCompile Include="..\private\Human_Sword.cpp">
      <Filter>02. GameObjects\01. GamePlay\Monster\00. NormalMap\Human_Sword</Filter>
    </ClCompile>
    <ClCompile Include="..\private\Human_Sword_State.cpp">
      <Filter>02. GameObjects\01. GamePlay\Monster\00. NormalMap\Human_Sword\State</Filter>
    </ClCompile>
    <ClCompile Include="..\private\Human_Spear.cpp">
      <Filter>02. GameObjects\01. GamePlay\Monster\00. NormalMap\Human_Spear</Filter>
    </ClCompile>
    <ClCompile Include="..\private\Human_Spear_State.cpp">
      <Filter>02. GameObjects\01. GamePlay\Monster\00. NormalMap\Human_Spear\State</Filter>
    </ClCompile>
    <ClCompile Include="..\private\Human_Granade.cpp">
      <Filter>02. GameObjects\01. GamePlay\Monster\00. NormalMap\Human_Granade</Filter>
    </ClCompile>
    <ClCompile Include="..\private\Human_Granade_State.cpp">
      <Filter>02. GameObjects\01. GamePlay\Monster\00. NormalMap\Human_Granade\State</Filter>
    </ClCompile>
    <ClCompile Include="..\private\Human_Bow.cpp">
      <Filter>02. GameObjects\01. GamePlay\Monster\00. NormalMap\Human_Bow</Filter>
    </ClCompile>
    <ClCompile Include="..\private\Human_Bow_State.cpp">
      <Filter>02. GameObjects\01. GamePlay\Monster\00. NormalMap\Human_Bow\State</Filter>
    </ClCompile>
    <ClCompile Include="..\private\Human_Explode.cpp">
      <Filter>02. GameObjects\01. GamePlay\Monster\00. NormalMap\Human_Explod_Fire</Filter>
    </ClCompile>
    <ClCompile Include="..\private\Human_Explode_State.cpp">
      <Filter>02. GameObjects\01. GamePlay\Monster\00. NormalMap\Human_Explod_Fire\State</Filter>
    </ClCompile>
    <ClCompile Include="..\private\Elite_Bug.cpp">
      <Filter>02. GameObjects\01. GamePlay\Monster\00. NormalMap\Elite_Bug</Filter>
    </ClCompile>
    <ClCompile Include="..\private\Elite_Bug_State.cpp">
      <Filter>02. GameObjects\01. GamePlay\Monster\00. NormalMap\Elite_Bug\State</Filter>
    </ClCompile>
    <ClCompile Include="..\private\Elite_Knight.cpp">
      <Filter>02. GameObjects\01. GamePlay\Monster\00. NormalMap\Elite_Knight</Filter>
    </ClCompile>
    <ClCompile Include="..\private\Elite_Knight_State.cpp">
      <Filter>02. GameObjects\01. GamePlay\Monster\00. NormalMap\Elite_Knight\State</Filter>
    </ClCompile>
    <ClCompile Include="..\private\MonsterUI.cpp">
      <Filter>02. GameObjects\01. GamePlay\MonsterUI</Filter>
    </ClCompile>
    <ClCompile Include="..\private\BulletEffect.cpp">
      <Filter>02. GameObjects\01. GamePlay\Effect\PlayerBullet_Effect</Filter>
    </ClCompile>
    <ClCompile Include="..\private\Default_Pistol.cpp">
      <Filter>02. GameObjects\01. GamePlay\Bullet\Player</Filter>
    </ClCompile>
    <ClCompile Include="..\private\Effect.cpp">
      <Filter>80. Manager\Parent\Effect</Filter>
    </ClCompile>
    <ClCompile Include="..\private\Arrow.cpp">
      <Filter>02. GameObjects\01. GamePlay\Bullet\Monster</Filter>
    </ClCompile>
    <ClCompile Include="..\public\Boom.cpp">
      <Filter>02. GameObjects\01. GamePlay\Bullet\Monster</Filter>
    </ClCompile>
    <ClCompile Include="..\private\Little_Bug.cpp">
      <Filter>02. GameObjects\01. GamePlay\Monster\00. NormalMap\Elite_Bug\Junior</Filter>
    </ClCompile>
    <ClCompile Include="..\private\Little_Bug_State.cpp">
      <Filter>02. GameObjects\01. GamePlay\Monster\00. NormalMap\Elite_Bug\Junior\State</Filter>
    </ClCompile>
    <ClCompile Include="..\private\Blade.cpp" />
    <ClCompile Include="..\private\NormalMap.cpp">
      <Filter>02. GameObjects\00. Public\NormalMap</Filter>
    </ClCompile>
    <ClCompile Include="..\private\Normal_BossMap.cpp">
      <Filter>02. GameObjects\00. Public\NormalBossMap</Filter>
    </ClCompile>
  </ItemGroup>
  <ItemGroup>
    <Image Include="Client_JH.ico">
      <Filter>98. Default</Filter>
    </Image>
    <Image Include="small.ico">
      <Filter>98. Default</Filter>
    </Image>
  </ItemGroup>
  <ItemGroup>
    <ResourceCompile Include="Client_JH.rc">
      <Filter>98. Default</Filter>
    </ResourceCompile>
  </ItemGroup>
  <ItemGroup>
    <Text Include="ReadMe.txt">
      <Filter>98. Default</Filter>
    </Text>
  </ItemGroup>
  <ItemGroup>
    <FxCompile Include="..\Bin\ShaderFiles\Shader_Navigation.hlsl">
      <Filter>97. ShaderFiles</Filter>
    </FxCompile>
    <FxCompile Include="..\Bin\ShaderFiles\Shader_VtxAnimModel.hlsl">
      <Filter>97. ShaderFiles</Filter>
    </FxCompile>
    <FxCompile Include="..\Bin\ShaderFiles\Shader_VtxCubeTex.hlsl">
      <Filter>97. ShaderFiles</Filter>
    </FxCompile>
    <FxCompile Include="..\Bin\ShaderFiles\Shader_VtxNorTex.hlsl">
      <Filter>97. ShaderFiles</Filter>
    </FxCompile>
    <FxCompile Include="..\Bin\ShaderFiles\Shader_VtxPointInstance.hlsl">
      <Filter>97. ShaderFiles</Filter>
    </FxCompile>
    <FxCompile Include="..\Bin\ShaderFiles\Shader_VtxRectInstance.hlsl">
      <Filter>97. ShaderFiles</Filter>
    </FxCompile>
    <FxCompile Include="..\Bin\ShaderFiles\Shader_VtxTex.hlsl">
      <Filter>97. ShaderFiles</Filter>
    </FxCompile>
    <FxCompile Include="..\Bin\ShaderFiles\Shader_VtxNonAnim.hlsl">
      <Filter>97. ShaderFiles</Filter>
    </FxCompile>
  </ItemGroup>
</Project>