<?xml version="1.0" encoding="utf-8"?>
<Project ToolsVersion="4.0" xmlns="http://schemas.microsoft.com/developer/msbuild/2003">
  <ItemGroup>
    <Filter Include="00. MainApp">
      <UniqueIdentifier>{923ede66-604c-489c-a726-9aedc9ee0c23}</UniqueIdentifier>
    </Filter>
    <Filter Include="98. Default">
      <UniqueIdentifier>{b6e3488f-aaca-4d7f-914d-b7822bfef9f1}</UniqueIdentifier>
    </Filter>
    <Filter Include="99. Defines">
      <UniqueIdentifier>{5bd21b18-5ada-4d45-825e-37528605eb57}</UniqueIdentifier>
    </Filter>
    <Filter Include="01. Level">
      <UniqueIdentifier>{5ebc6559-3582-494e-9f25-89fe5352db35}</UniqueIdentifier>
    </Filter>
    <Filter Include="01. Level\00. Loading">
      <UniqueIdentifier>{0d1d52db-0e80-4910-900d-a2c0c2308e86}</UniqueIdentifier>
    </Filter>
    <Filter Include="01. Level\01. Logo">
      <UniqueIdentifier>{4a2b79b3-fa2c-49e6-a214-c4c5e6456be9}</UniqueIdentifier>
    </Filter>
    <Filter Include="01. Level\02. GamePlay">
      <UniqueIdentifier>{aa501a6a-6f33-485b-9afd-47a0492b7e34}</UniqueIdentifier>
    </Filter>
    <Filter Include="01. Level\00. Loading\Loader">
      <UniqueIdentifier>{a9814be6-2f13-47c9-ade7-1abf89e64d08}</UniqueIdentifier>
    </Filter>
    <Filter Include="02. GameObjects">
      <UniqueIdentifier>{e8f2541a-935c-472a-8e8c-48a76ffe6196}</UniqueIdentifier>
    </Filter>
    <Filter Include="02. GameObjects\BackGround">
      <UniqueIdentifier>{ffec1145-601d-4001-bf18-d3109d2b7b12}</UniqueIdentifier>
    </Filter>
    <Filter Include="97. ShaderFiles">
      <UniqueIdentifier>{af110146-d2e3-452f-b8cb-3e3b311fc82a}</UniqueIdentifier>
    </Filter>
    <Filter Include="02. GameObjects\Terrain">
      <UniqueIdentifier>{c7a253d8-3691-4db7-8305-330df89a75aa}</UniqueIdentifier>
    </Filter>
    <Filter Include="02. GameObjects\DynamicCamera">
      <UniqueIdentifier>{8c1a88e5-8e98-481a-8c36-5f9ba18915a1}</UniqueIdentifier>
    </Filter>
    <Filter Include="02. GameObjects\Player">
      <UniqueIdentifier>{1968dafe-99ea-49a4-af7a-8931117caf2d}</UniqueIdentifier>
    </Filter>
    <Filter Include="01. Level\98. MapTool">
      <UniqueIdentifier>{bacf02ee-dc01-4e6c-9520-62f4aafea879}</UniqueIdentifier>
    </Filter>
  </ItemGroup>
  <ItemGroup>
    <ClInclude Include="Client_JH.h">
      <Filter>98. Default</Filter>
    </ClInclude>
    <ClInclude Include="Resource.h">
      <Filter>98. Default</Filter>
    </ClInclude>
    <ClInclude Include="stdafx.h">
      <Filter>98. Default</Filter>
    </ClInclude>
    <ClInclude Include="targetver.h">
      <Filter>98. Default</Filter>
    </ClInclude>
    <ClInclude Include="..\public\MainApp.h">
      <Filter>00. MainApp</Filter>
    </ClInclude>
    <ClInclude Include="..\public\Client_Defines.h">
      <Filter>99. Defines</Filter>
    </ClInclude>
    <ClInclude Include="..\public\Loader.h">
      <Filter>01. Level\00. Loading\Loader</Filter>
    </ClInclude>
    <ClInclude Include="..\public\Level_Logo.h">
      <Filter>01. Level\01. Logo</Filter>
    </ClInclude>
    <ClInclude Include="..\public\Level_Loading.h">
      <Filter>01. Level\00. Loading</Filter>
    </ClInclude>
    <ClInclude Include="..\public\Level_GamePlay.h">
      <Filter>01. Level\02. GamePlay</Filter>
    </ClInclude>
    <ClInclude Include="..\public\BackGround.h">
      <Filter>02. GameObjects\BackGround</Filter>
    </ClInclude>
    <ClInclude Include="..\public\Terrain.h">
      <Filter>02. GameObjects\Terrain</Filter>
    </ClInclude>
    <ClInclude Include="..\public\Dynamic_Camera.h">
      <Filter>02. GameObjects\DynamicCamera</Filter>
    </ClInclude>
    <ClInclude Include="..\public\Player.h">
      <Filter>02. GameObjects\Player</Filter>
    </ClInclude>
    <ClInclude Include="..\public\Level_MapTool.h">
      <Filter>01. Level\98. MapTool</Filter>
    </ClInclude>
  </ItemGroup>
  <ItemGroup>
    <ClCompile Include="Client_JH.cpp">
      <Filter>98. Default</Filter>
    </ClCompile>
    <ClCompile Include="stdafx.cpp">
      <Filter>98. Default</Filter>
    </ClCompile>
    <ClCompile Include="..\private\MainApp.cpp">
      <Filter>00. MainApp</Filter>
    </ClCompile>
    <ClCompile Include="..\private\Loader.cpp">
      <Filter>01. Level\00. Loading\Loader</Filter>
    </ClCompile>
    <ClCompile Include="..\private\Level_Logo.cpp">
      <Filter>01. Level\01. Logo</Filter>
    </ClCompile>
    <ClCompile Include="..\private\Level_Loading.cpp">
      <Filter>01. Level\00. Loading</Filter>
    </ClCompile>
    <ClCompile Include="..\private\Level_GamePlay.cpp">
      <Filter>01. Level\02. GamePlay</Filter>
    </ClCompile>
    <ClCompile Include="..\private\BackGround.cpp">
      <Filter>02. GameObjects\BackGround</Filter>
    </ClCompile>
    <ClCompile Include="..\private\Terrain.cpp">
      <Filter>02. GameObjects\Terrain</Filter>
    </ClCompile>
    <ClCompile Include="..\private\Dynamic_Camera.cpp">
      <Filter>02. GameObjects\DynamicCamera</Filter>
    </ClCompile>
    <ClCompile Include="..\private\Player.cpp">
      <Filter>02. GameObjects\Player</Filter>
    </ClCompile>
    <ClCompile Include="..\private\Level_MapTool.cpp">
      <Filter>01. Level\98. MapTool</Filter>
    </ClCompile>
  </ItemGroup>
  <ItemGroup>
    <Image Include="Client_JH.ico">
      <Filter>98. Default</Filter>
    </Image>
    <Image Include="small.ico">
      <Filter>98. Default</Filter>
    </Image>
  </ItemGroup>
  <ItemGroup>
    <ResourceCompile Include="Client_JH.rc">
      <Filter>98. Default</Filter>
    </ResourceCompile>
  </ItemGroup>
  <ItemGroup>
    <Text Include="ReadMe.txt">
      <Filter>98. Default</Filter>
    </Text>
  </ItemGroup>
  <ItemGroup>
    <FxCompile Include="..\Bin\ShaderFiles\Shader_VtxNorTex.hlsl">
      <Filter>97. ShaderFiles</Filter>
    </FxCompile>
    <FxCompile Include="..\Bin\ShaderFiles\Shader_VtxTex.hlsl">
      <Filter>97. ShaderFiles</Filter>
    </FxCompile>
    <FxCompile Include="..\Bin\ShaderFiles\Shader_VtxModel.hlsl">
      <Filter>97. ShaderFiles</Filter>
    </FxCompile>
    <FxCompile Include="..\Bin\ShaderFiles\Shader_VtxAnimModel.hlsl">
      <Filter>97. ShaderFiles</Filter>
    </FxCompile>
  </ItemGroup>
</Project>