<?xml version="1.0" encoding="utf-8"?>
<Project ToolsVersion="4.0" xmlns="http://schemas.microsoft.com/developer/msbuild/2003">
  <ItemGroup>
    <Filter Include="00. System">
      <UniqueIdentifier>{28274d85-3c10-4084-ab93-e4aba29701b2}</UniqueIdentifier>
    </Filter>
    <Filter Include="01. Utility">
      <UniqueIdentifier>{429c5484-9941-4940-87c4-fbb81f16a93d}</UniqueIdentifier>
    </Filter>
    <Filter Include="01. Utility\00. GameInstance">
      <UniqueIdentifier>{edcb1ff2-95b8-40c2-bd80-3b9a3fb45d24}</UniqueIdentifier>
    </Filter>
    <Filter Include="01. Utility\98. SuperClass">
      <UniqueIdentifier>{6f4ffb8a-87c5-44ce-9e23-ac2661249042}</UniqueIdentifier>
    </Filter>
    <Filter Include="99.Defines">
      <UniqueIdentifier>{a05f2d1f-a241-46b2-89ce-213a1de705d4}</UniqueIdentifier>
    </Filter>
    <Filter Include="00. System\Graphic">
      <UniqueIdentifier>{58423790-3cd2-4b04-ad20-22ab046de1d7}</UniqueIdentifier>
    </Filter>
    <Filter Include="00. System\Input">
      <UniqueIdentifier>{1f63a2ce-4d0f-4ec5-bcc3-a64251eed7dd}</UniqueIdentifier>
    </Filter>
    <Filter Include="01. Utility\01. Level">
      <UniqueIdentifier>{b802c488-685f-4d85-aaab-5759b3bbdb0a}</UniqueIdentifier>
    </Filter>
    <Filter Include="01. Utility\01. Level\Manager">
      <UniqueIdentifier>{034371b8-792e-4ceb-881d-d600bf64aa47}</UniqueIdentifier>
    </Filter>
    <Filter Include="01. Utility\02. GameObject">
      <UniqueIdentifier>{1eae39fd-7d26-46ca-a895-a9bd44898edf}</UniqueIdentifier>
    </Filter>
    <Filter Include="01. Utility\02. GameObject\Manager">
      <UniqueIdentifier>{18b2a65d-751d-45d5-96ac-68c0c1ab4307}</UniqueIdentifier>
    </Filter>
    <Filter Include="01. Utility\02. GameObject\Manager\Layer">
      <UniqueIdentifier>{f84dc8a6-ed80-47af-92a7-237522243460}</UniqueIdentifier>
    </Filter>
    <Filter Include="01. Utility\03. Components">
      <UniqueIdentifier>{fab5ae8b-8693-4055-b4a8-d36f11db2a18}</UniqueIdentifier>
    </Filter>
    <Filter Include="01. Utility\03. Components\00. Manager">
      <UniqueIdentifier>{827d97ae-2cc1-4050-b457-959d2e1c5cc5}</UniqueIdentifier>
    </Filter>
    <Filter Include="01. Utility\03. Components\01. Renderer">
      <UniqueIdentifier>{da61f267-7a03-464c-8992-c608e4996c65}</UniqueIdentifier>
    </Filter>
    <Filter Include="01. Utility\03. Components\02. VIBuffer">
      <UniqueIdentifier>{aee879f3-7770-4e64-b23f-5596b5e2a3e4}</UniqueIdentifier>
    </Filter>
    <Filter Include="01. Utility\03. Components\02. VIBuffer\Rect">
      <UniqueIdentifier>{8bea8e1c-6729-4b52-83d6-491a42af9248}</UniqueIdentifier>
    </Filter>
    <Filter Include="01. Utility\03. Components\02. VIBuffer\Terrain">
      <UniqueIdentifier>{ca15b4f1-8360-4a19-8c92-fea8cdd745e0}</UniqueIdentifier>
    </Filter>
    <Filter Include="01. Utility\03. Components\03. Shader">
      <UniqueIdentifier>{038d856d-1907-4ae2-a079-d0f283068a86}</UniqueIdentifier>
    </Filter>
    <Filter Include="01. Utility\03. Components\04. Transform">
      <UniqueIdentifier>{361c9ea3-dba3-4759-8087-2421a6d287de}</UniqueIdentifier>
    </Filter>
    <Filter Include="01. Utility\03. Components\05. Texture">
      <UniqueIdentifier>{3cbcec41-553e-46ea-8caf-d1723967c838}</UniqueIdentifier>
    </Filter>
    <Filter Include="01. Utility\04. PipeLine">
      <UniqueIdentifier>{4cb5fb4d-c6b2-4e04-847c-3bb2614f77ac}</UniqueIdentifier>
    </Filter>
    <Filter Include="00. System\FontMgr">
      <UniqueIdentifier>{a9a71243-e60f-4f7e-bc14-f1136d0c1f2a}</UniqueIdentifier>
    </Filter>
    <Filter Include="01. Utility\02. GameObject\Camera">
      <UniqueIdentifier>{9ed37e91-cf8c-4d20-b11d-80b01e8f9f2c}</UniqueIdentifier>
    </Filter>
    <Filter Include="00. System\Timer">
      <UniqueIdentifier>{62e4bc7c-c398-4d66-a6cf-bc8fff2eb3c3}</UniqueIdentifier>
    </Filter>
    <Filter Include="01. Utility\05. Lights">
      <UniqueIdentifier>{189a58c1-24c2-4fcd-b47b-7af49bb73c66}</UniqueIdentifier>
    </Filter>
    <Filter Include="01. Utility\05. Lights\LightManager">
      <UniqueIdentifier>{c63e57f7-ac57-4775-a21b-184ffd134538}</UniqueIdentifier>
    </Filter>
    <Filter Include="01. Utility\80. Imgui">
      <UniqueIdentifier>{fe1546e6-87c9-44e3-8027-1174a34baf75}</UniqueIdentifier>
    </Filter>
    <Filter Include="01. Utility\80. Imgui\00. Manager">
      <UniqueIdentifier>{4bfe6d2a-6317-4cc1-94d1-a1a88f3dd511}</UniqueIdentifier>
    </Filter>
    <Filter Include="01. Utility\80. Imgui\01. ImguiObject">
      <UniqueIdentifier>{e5c25f59-817b-4d1e-a3ca-ff7e2c2c00e7}</UniqueIdentifier>
    </Filter>
    <Filter Include="01. Utility\80. Imgui\libs">
      <UniqueIdentifier>{21e2d57a-b50c-48a6-9645-7fa0b6999ea1}</UniqueIdentifier>
    </Filter>
    <Filter Include="01. Utility\03. Components\06. Model">
      <UniqueIdentifier>{1d967710-98d8-4a78-9f71-c1bc29dd2a8d}</UniqueIdentifier>
    </Filter>
    <Filter Include="01. Utility\03. Components\06. Model\Mesh">
      <UniqueIdentifier>{65dab559-6003-46a9-ba9b-36e88f9b80d1}</UniqueIdentifier>
    </Filter>
    <Filter Include="01. Utility\03. Components\07. Calculator">
      <UniqueIdentifier>{d5640280-6eb6-4369-8ac4-8eec943bb887}</UniqueIdentifier>
    </Filter>
    <Filter Include="01. Utility\03. Components\06. Model\Bone">
      <UniqueIdentifier>{c6ef8b9d-5f69-4a89-96cd-15bc603a5462}</UniqueIdentifier>
    </Filter>
    <Filter Include="01. Utility\03. Components\06. Model\Animation">
      <UniqueIdentifier>{077e9925-0649-48b8-ab8b-df506189105b}</UniqueIdentifier>
    </Filter>
    <Filter Include="01. Utility\03. Components\06. Model\Animation\Channel">
      <UniqueIdentifier>{37d3808d-f553-43b2-a011-221140c7a469}</UniqueIdentifier>
    </Filter>
    <Filter Include="01. Utility\02. GameObject\CustoumObject">
      <UniqueIdentifier>{f0d15428-c786-4890-9692-4f123a9b365e}</UniqueIdentifier>
    </Filter>
    <Filter Include="01. Utility\03. Components\08. Collider">
      <UniqueIdentifier>{3ba625b9-2f71-48e8-ae37-6beb14b828b3}</UniqueIdentifier>
    </Filter>
    <Filter Include="01. Utility\03. Components\08. Collider\DebugDraw">
      <UniqueIdentifier>{ecde7d41-0dbf-49c3-8fe1-399a03f33314}</UniqueIdentifier>
    </Filter>
    <Filter Include="01. Utility\03. Components\09. StateMachine">
      <UniqueIdentifier>{e5551bed-fc75-42f9-aef1-396b306dab86}</UniqueIdentifier>
    </Filter>
    <Filter Include="01. Utility\03. Components\09. Navigation">
      <UniqueIdentifier>{1c9bb6b7-7e62-47e9-8268-8d0a45360698}</UniqueIdentifier>
    </Filter>
    <Filter Include="01. Utility\03. Components\09. Navigation\Cell">
      <UniqueIdentifier>{2dc93e9c-2952-4277-9aa0-2325a866e213}</UniqueIdentifier>
    </Filter>
    <Filter Include="Default">
      <UniqueIdentifier>{0a527996-72c1-4de1-a541-fa7b55cc7e3b}</UniqueIdentifier>
    </Filter>
    <Filter Include="01. Utility\03. Components\02. VIBuffer\Cell">
      <UniqueIdentifier>{7a95557a-8a1a-467c-89d2-7d809579814b}</UniqueIdentifier>
    </Filter>
    <Filter Include="01. Utility\03. Components\09. Navigation\ShaderFiles">
      <UniqueIdentifier>{8e6b390b-583d-48d6-80cc-342ee4e6a09a}</UniqueIdentifier>
    </Filter>
    <Filter Include="01. Utility\03. Components\02. VIBuffer\Sphere">
      <UniqueIdentifier>{dffc99e1-eae4-44d0-ba0b-23bb0653670a}</UniqueIdentifier>
    </Filter>
    <Filter Include="01. Utility\03. Components\02. VIBuffer\Cube">
      <UniqueIdentifier>{2922711c-0e41-4e0c-b982-c51b170295bb}</UniqueIdentifier>
    </Filter>
    <Filter Include="01. Utility\03. Components\09. StateMachine\AJH">
      <UniqueIdentifier>{8016e26d-14d2-4c0e-bd5b-05923b477943}</UniqueIdentifier>
    </Filter>
    <Filter Include="01. Utility\03. Components\09. StateMachine\KKB">
      <UniqueIdentifier>{70dd10de-16d3-47d7-ad65-5ba6e45dc1b0}</UniqueIdentifier>
    </Filter>
    <Filter Include="01. Utility\03. Components\02. VIBuffer\Instancing">
      <UniqueIdentifier>{862e5f4b-bae2-4d39-80bd-ed7efe50cc51}</UniqueIdentifier>
    </Filter>
    <Filter Include="01. Utility\03. Components\02. VIBuffer\Instancing\Point">
      <UniqueIdentifier>{cf958a6a-72e5-4304-b4a8-e6848e438f24}</UniqueIdentifier>
    </Filter>
    <Filter Include="01. Utility\03. Components\02. VIBuffer\Instancing\Rect">
      <UniqueIdentifier>{08de8d1f-b50e-4058-a232-bf28280271f9}</UniqueIdentifier>
    </Filter>
    <Filter Include="01. Utility\03. Components\02. VIBuffer\Cell\Circle">
      <UniqueIdentifier>{af070b53-0c21-4726-b06d-b514e8b58097}</UniqueIdentifier>
    </Filter>
  </ItemGroup>
  <ItemGroup>
    <ClInclude Include="..\public\Base.h">
      <Filter>01. Utility\98. SuperClass</Filter>
    </ClInclude>
    <ClInclude Include="..\public\Engine_Defines.h">
      <Filter>99.Defines</Filter>
    </ClInclude>
    <ClInclude Include="..\public\Engine_Function.h">
      <Filter>99.Defines</Filter>
    </ClInclude>
    <ClInclude Include="..\public\Engine_Macro.h">
      <Filter>99.Defines</Filter>
    </ClInclude>
    <ClInclude Include="..\public\Engine_Struct.h">
      <Filter>99.Defines</Filter>
    </ClInclude>
    <ClInclude Include="..\public\Engine_Typedef.h">
      <Filter>99.Defines</Filter>
    </ClInclude>
    <ClInclude Include="..\public\Engine_Utility.h">
      <Filter>99.Defines</Filter>
    </ClInclude>
    <ClInclude Include="..\public\Input_Device.h">
      <Filter>00. System\Input</Filter>
    </ClInclude>
    <ClInclude Include="..\public\Graphic_Device.h">
      <Filter>00. System\Graphic</Filter>
    </ClInclude>
    <ClInclude Include="..\public\GameInstance.h">
      <Filter>01. Utility\00. GameInstance</Filter>
    </ClInclude>
    <ClInclude Include="..\public\Level_Manager.h">
      <Filter>01. Utility\01. Level\Manager</Filter>
    </ClInclude>
    <ClInclude Include="..\public\Layer.h">
      <Filter>01. Utility\02. GameObject\Manager\Layer</Filter>
    </ClInclude>
    <ClInclude Include="..\public\Object_Manager.h">
      <Filter>01. Utility\02. GameObject\Manager</Filter>
    </ClInclude>
    <ClInclude Include="..\public\Level.h">
      <Filter>01. Utility\01. Level</Filter>
    </ClInclude>
    <ClInclude Include="..\public\GameObject.h">
      <Filter>01. Utility\02. GameObject</Filter>
    </ClInclude>
    <ClInclude Include="..\public\Renderer.h">
      <Filter>01. Utility\03. Components\01. Renderer</Filter>
    </ClInclude>
    <ClInclude Include="..\public\Component_Manager.h">
      <Filter>01. Utility\03. Components\00. Manager</Filter>
    </ClInclude>
    <ClInclude Include="..\public\VIBuffer.h">
      <Filter>01. Utility\03. Components\02. VIBuffer</Filter>
    </ClInclude>
    <ClInclude Include="..\public\Shader.h">
      <Filter>01. Utility\03. Components\03. Shader</Filter>
    </ClInclude>
    <ClInclude Include="..\public\VIBuffer_Rect.h">
      <Filter>01. Utility\03. Components\02. VIBuffer\Rect</Filter>
    </ClInclude>
    <ClInclude Include="..\public\Component.h">
      <Filter>01. Utility\03. Components</Filter>
    </ClInclude>
    <ClInclude Include="..\public\Transform.h">
      <Filter>01. Utility\03. Components\04. Transform</Filter>
    </ClInclude>
    <ClInclude Include="..\public\Texture.h">
      <Filter>01. Utility\03. Components\05. Texture</Filter>
    </ClInclude>
    <ClInclude Include="..\public\VIBuffer_Terrain.h">
      <Filter>01. Utility\03. Components\02. VIBuffer\Terrain</Filter>
    </ClInclude>
    <ClInclude Include="..\public\PipeLine.h">
      <Filter>01. Utility\04. PipeLine</Filter>
    </ClInclude>
    <ClInclude Include="..\public\Camera.h">
      <Filter>01. Utility\02. GameObject\Camera</Filter>
    </ClInclude>
    <ClInclude Include="..\public\FontMgr.h">
      <Filter>00. System\FontMgr</Filter>
    </ClInclude>
    <ClInclude Include="..\public\Timer.h">
      <Filter>00. System\Timer</Filter>
    </ClInclude>
    <ClInclude Include="..\public\MyFont.h">
      <Filter>00. System\FontMgr</Filter>
    </ClInclude>
    <ClInclude Include="..\public\Timer_Manager.h">
      <Filter>00. System\Timer</Filter>
    </ClInclude>
    <ClInclude Include="..\public\Light.h">
      <Filter>01. Utility\05. Lights</Filter>
    </ClInclude>
    <ClInclude Include="..\public\Light_Manager.h">
      <Filter>01. Utility\05. Lights\LightManager</Filter>
    </ClInclude>
    <ClInclude Include="..\public\Imgui\dirent.h">
      <Filter>01. Utility\80. Imgui\libs</Filter>
    </ClInclude>
    <ClInclude Include="..\public\Imgui\GraphEditor.h">
      <Filter>01. Utility\80. Imgui\libs</Filter>
    </ClInclude>
    <ClInclude Include="..\public\Imgui\imconfig.h">
      <Filter>01. Utility\80. Imgui\libs</Filter>
    </ClInclude>
    <ClInclude Include="..\public\Imgui\ImCurveEdit.h">
      <Filter>01. Utility\80. Imgui\libs</Filter>
    </ClInclude>
    <ClInclude Include="..\public\Imgui\ImGradient.h">
      <Filter>01. Utility\80. Imgui\libs</Filter>
    </ClInclude>
    <ClInclude Include="..\public\Imgui\imgui.h">
      <Filter>01. Utility\80. Imgui\libs</Filter>
    </ClInclude>
    <ClInclude Include="..\public\Imgui\imgui_impl_dx11.h">
      <Filter>01. Utility\80. Imgui\libs</Filter>
    </ClInclude>
    <ClInclude Include="..\public\Imgui\imgui_impl_win32.h">
      <Filter>01. Utility\80. Imgui\libs</Filter>
    </ClInclude>
    <ClInclude Include="..\public\Imgui\imgui_internal.h">
      <Filter>01. Utility\80. Imgui\libs</Filter>
    </ClInclude>
    <ClInclude Include="..\public\Imgui\ImGuiFileDialog.h">
      <Filter>01. Utility\80. Imgui\libs</Filter>
    </ClInclude>
    <ClInclude Include="..\public\Imgui\ImGuiFileDialogConfig.h">
      <Filter>01. Utility\80. Imgui\libs</Filter>
    </ClInclude>
    <ClInclude Include="..\public\Imgui\ImGuizmo.h">
      <Filter>01. Utility\80. Imgui\libs</Filter>
    </ClInclude>
    <ClInclude Include="..\public\Imgui\ImSequencer.h">
      <Filter>01. Utility\80. Imgui\libs</Filter>
    </ClInclude>
    <ClInclude Include="..\public\Imgui\imstb_rectpack.h">
      <Filter>01. Utility\80. Imgui\libs</Filter>
    </ClInclude>
    <ClInclude Include="..\public\Imgui\imstb_textedit.h">
      <Filter>01. Utility\80. Imgui\libs</Filter>
    </ClInclude>
    <ClInclude Include="..\public\Imgui\imstb_truetype.h">
      <Filter>01. Utility\80. Imgui\libs</Filter>
    </ClInclude>
    <ClInclude Include="..\public\Imgui\ImZoomSlider.h">
      <Filter>01. Utility\80. Imgui\libs</Filter>
    </ClInclude>
    <ClInclude Include="..\public\Imgui_PropertyEditor.h">
      <Filter>01. Utility\80. Imgui\01. ImguiObject</Filter>
    </ClInclude>
    <ClInclude Include="..\public\ImguiObject.h">
      <Filter>01. Utility\80. Imgui\01. ImguiObject</Filter>
    </ClInclude>
    <ClInclude Include="..\public\Imgui_Manager.h">
      <Filter>01. Utility\80. Imgui\00. Manager</Filter>
    </ClInclude>
    <ClInclude Include="..\public\GameUtils.h">
      <Filter>01. Utility</Filter>
    </ClInclude>
    <ClInclude Include="..\public\Model.h">
      <Filter>01. Utility\03. Components\06. Model</Filter>
    </ClInclude>
    <ClInclude Include="..\public\Mesh.h">
      <Filter>01. Utility\03. Components\06. Model\Mesh</Filter>
    </ClInclude>
    <ClInclude Include="..\public\Calculator.h">
      <Filter>01. Utility\03. Components\07. Calculator</Filter>
    </ClInclude>
    <ClInclude Include="..\public\Bone.h">
      <Filter>01. Utility\03. Components\06. Model\Bone</Filter>
    </ClInclude>
    <ClInclude Include="..\public\Animation.h">
      <Filter>01. Utility\03. Components\06. Model\Animation</Filter>
    </ClInclude>
    <ClInclude Include="..\public\Channel.h">
      <Filter>01. Utility\03. Components\06. Model\Animation\Channel</Filter>
    </ClInclude>
    <ClInclude Include="..\public\CustomObject.h">
      <Filter>01. Utility\02. GameObject\CustoumObject</Filter>
    </ClInclude>
    <ClInclude Include="..\public\Collider.h">
      <Filter>01. Utility\03. Components\08. Collider</Filter>
    </ClInclude>
    <ClInclude Include="..\public\DebugDraw.h">
      <Filter>01. Utility\03. Components\08. Collider\DebugDraw</Filter>
    </ClInclude>
    <ClInclude Include="..\public\Engine_Enum.h">
      <Filter>99.Defines</Filter>
    </ClInclude>
    <ClInclude Include="..\public\Navigation.h">
      <Filter>01. Utility\03. Components\09. Navigation</Filter>
    </ClInclude>
    <ClInclude Include="..\public\Cell.h">
      <Filter>01. Utility\03. Components\09. Navigation\Cell</Filter>
    </ClInclude>
    <ClInclude Include="stdafx.h">
      <Filter>Default</Filter>
    </ClInclude>
    <ClInclude Include="resource.h">
      <Filter>Default</Filter>
    </ClInclude>
    <ClInclude Include="..\public\VIBuffer_Cell.h">
      <Filter>01. Utility\03. Components\02. VIBuffer\Cell</Filter>
    </ClInclude>
    <ClInclude Include="..\public\VIBuffer_Cube.h">
      <Filter>01. Utility\03. Components\02. VIBuffer\Cube</Filter>
    </ClInclude>
    <ClInclude Include="..\public\StateMachine.h">
      <Filter>01. Utility\03. Components\09. StateMachine\AJH</Filter>
    </ClInclude>
    <ClInclude Include="..\public\State.h">
      <Filter>01. Utility\03. Components\09. StateMachine\KKB</Filter>
    </ClInclude>
    <ClInclude Include="..\public\VIBuffer_Instancing.h">
      <Filter>01. Utility\03. Components\02. VIBuffer\Instancing</Filter>
    </ClInclude>
    <ClInclude Include="..\public\VIBuffer_Point_Instancing.h">
      <Filter>01. Utility\03. Components\02. VIBuffer\Instancing\Point</Filter>
    </ClInclude>
    <ClInclude Include="..\public\VIBuffer_Rect_Instancing.h">
      <Filter>01. Utility\03. Components\02. VIBuffer\Instancing\Rect</Filter>
    </ClInclude>
    <ClInclude Include="..\public\VIBuffer_Sphere.h">
      <Filter>01. Utility\03. Components\02. VIBuffer\Sphere</Filter>
    </ClInclude>
    <ClInclude Include="..\public\VIBuffer_Cell_Circle.h">
      <Filter>01. Utility\03. Components\02. VIBuffer\Cell\Circle</Filter>
    </ClInclude>
  </ItemGroup>
  <ItemGroup>
    <ClCompile Include="..\private\Base.cpp">
      <Filter>01. Utility\98. SuperClass</Filter>
    </ClCompile>
    <ClCompile Include="..\private\Input_Device.cpp">
      <Filter>00. System\Input</Filter>
    </ClCompile>
    <ClCompile Include="..\private\Graphic_Device.cpp">
      <Filter>00. System\Graphic</Filter>
    </ClCompile>
    <ClCompile Include="..\private\GameInstance.cpp">
      <Filter>01. Utility\00. GameInstance</Filter>
    </ClCompile>
    <ClCompile Include="..\private\Level_Manager.cpp">
      <Filter>01. Utility\01. Level\Manager</Filter>
    </ClCompile>
    <ClCompile Include="..\private\Layer.cpp">
      <Filter>01. Utility\02. GameObject\Manager\Layer</Filter>
    </ClCompile>
    <ClCompile Include="..\private\Object_Manager.cpp">
      <Filter>01. Utility\02. GameObject\Manager</Filter>
    </ClCompile>
    <ClCompile Include="..\private\Level.cpp">
      <Filter>01. Utility\01. Level</Filter>
    </ClCompile>
    <ClCompile Include="..\private\GameObject.cpp">
      <Filter>01. Utility\02. GameObject</Filter>
    </ClCompile>
    <ClCompile Include="..\private\Renderer.cpp">
      <Filter>01. Utility\03. Components\01. Renderer</Filter>
    </ClCompile>
    <ClCompile Include="..\private\Component_Manager.cpp">
      <Filter>01. Utility\03. Components\00. Manager</Filter>
    </ClCompile>
    <ClCompile Include="..\private\VIBuffer.cpp">
      <Filter>01. Utility\03. Components\02. VIBuffer</Filter>
    </ClCompile>
    <ClCompile Include="..\private\Shader.cpp">
      <Filter>01. Utility\03. Components\03. Shader</Filter>
    </ClCompile>
    <ClCompile Include="..\private\VIBuffer_Rect.cpp">
      <Filter>01. Utility\03. Components\02. VIBuffer\Rect</Filter>
    </ClCompile>
    <ClCompile Include="..\private\Component.cpp">
      <Filter>01. Utility\03. Components</Filter>
    </ClCompile>
    <ClCompile Include="..\private\Transform.cpp">
      <Filter>01. Utility\03. Components\04. Transform</Filter>
    </ClCompile>
    <ClCompile Include="..\private\Texture.cpp">
      <Filter>01. Utility\03. Components\05. Texture</Filter>
    </ClCompile>
    <ClCompile Include="..\private\VIBuffer_Terrain.cpp">
      <Filter>01. Utility\03. Components\02. VIBuffer\Terrain</Filter>
    </ClCompile>
    <ClCompile Include="..\private\PipeLine.cpp">
      <Filter>01. Utility\04. PipeLine</Filter>
    </ClCompile>
    <ClCompile Include="..\private\Camera.cpp">
      <Filter>01. Utility\02. GameObject\Camera</Filter>
    </ClCompile>
    <ClCompile Include="..\private\FontMgr.cpp">
      <Filter>00. System\FontMgr</Filter>
    </ClCompile>
    <ClCompile Include="..\private\Timer.cpp">
      <Filter>00. System\Timer</Filter>
    </ClCompile>
    <ClCompile Include="..\private\MyFont.cpp">
      <Filter>00. System\FontMgr</Filter>
    </ClCompile>
    <ClCompile Include="..\private\Timer_Manager.cpp">
      <Filter>00. System\Timer</Filter>
    </ClCompile>
    <ClCompile Include="..\private\Light.cpp">
      <Filter>01. Utility\05. Lights</Filter>
    </ClCompile>
    <ClCompile Include="..\private\Light_Manager.cpp">
      <Filter>01. Utility\05. Lights\LightManager</Filter>
    </ClCompile>
    <ClCompile Include="..\public\Imgui\GraphEditor.cpp">
      <Filter>01. Utility\80. Imgui\libs</Filter>
    </ClCompile>
    <ClCompile Include="..\public\Imgui\ImCurveEdit.cpp">
      <Filter>01. Utility\80. Imgui\libs</Filter>
    </ClCompile>
    <ClCompile Include="..\public\Imgui\ImGradient.cpp">
      <Filter>01. Utility\80. Imgui\libs</Filter>
    </ClCompile>
    <ClCompile Include="..\public\Imgui\imgui.cpp">
      <Filter>01. Utility\80. Imgui\libs</Filter>
    </ClCompile>
    <ClCompile Include="..\public\Imgui\imgui_demo.cpp">
      <Filter>01. Utility\80. Imgui\libs</Filter>
    </ClCompile>
    <ClCompile Include="..\public\Imgui\imgui_draw.cpp">
      <Filter>01. Utility\80. Imgui\libs</Filter>
    </ClCompile>
    <ClCompile Include="..\public\Imgui\imgui_impl_dx11.cpp">
      <Filter>01. Utility\80. Imgui\libs</Filter>
    </ClCompile>
    <ClCompile Include="..\public\Imgui\imgui_impl_win32.cpp">
      <Filter>01. Utility\80. Imgui\libs</Filter>
    </ClCompile>
    <ClCompile Include="..\public\Imgui\imgui_tables.cpp">
      <Filter>01. Utility\80. Imgui\libs</Filter>
    </ClCompile>
    <ClCompile Include="..\public\Imgui\imgui_widgets.cpp">
      <Filter>01. Utility\80. Imgui\libs</Filter>
    </ClCompile>
    <ClCompile Include="..\public\Imgui\ImGuiFileDialog.cpp">
      <Filter>01. Utility\80. Imgui\libs</Filter>
    </ClCompile>
    <ClCompile Include="..\public\Imgui\ImGuizmo.cpp">
      <Filter>01. Utility\80. Imgui\libs</Filter>
    </ClCompile>
    <ClCompile Include="..\public\Imgui\ImSequencer.cpp">
      <Filter>01. Utility\80. Imgui\libs</Filter>
    </ClCompile>
    <ClCompile Include="..\private\Imgui_PropertyEditor.cpp">
      <Filter>01. Utility\80. Imgui\01. ImguiObject</Filter>
    </ClCompile>
    <ClCompile Include="..\private\ImguiObject.cpp">
      <Filter>01. Utility\80. Imgui\01. ImguiObject</Filter>
    </ClCompile>
    <ClCompile Include="..\private\Imgui_Manager.cpp">
      <Filter>01. Utility\80. Imgui\00. Manager</Filter>
    </ClCompile>
    <ClCompile Include="..\private\GameUtils.cpp">
      <Filter>01. Utility</Filter>
    </ClCompile>
    <ClCompile Include="..\private\Model.cpp">
      <Filter>01. Utility\03. Components\06. Model</Filter>
    </ClCompile>
    <ClCompile Include="..\private\Mesh.cpp">
      <Filter>01. Utility\03. Components\06. Model\Mesh</Filter>
    </ClCompile>
    <ClCompile Include="..\private\Calculator.cpp">
      <Filter>01. Utility\03. Components\07. Calculator</Filter>
    </ClCompile>
    <ClCompile Include="..\private\Bone.cpp">
      <Filter>01. Utility\03. Components\06. Model\Bone</Filter>
    </ClCompile>
    <ClCompile Include="..\private\Animation.cpp">
      <Filter>01. Utility\03. Components\06. Model\Animation</Filter>
    </ClCompile>
    <ClCompile Include="..\private\Channel.cpp">
      <Filter>01. Utility\03. Components\06. Model\Animation\Channel</Filter>
    </ClCompile>
    <ClCompile Include="..\private\CustomObject.cpp">
      <Filter>01. Utility\02. GameObject\CustoumObject</Filter>
    </ClCompile>
    <ClCompile Include="..\private\DebugDraw.cpp">
      <Filter>01. Utility\03. Components\08. Collider\DebugDraw</Filter>
    </ClCompile>
    <ClCompile Include="..\private\Collider.cpp">
      <Filter>01. Utility\03. Components\08. Collider</Filter>
    </ClCompile>
    <ClCompile Include="..\private\Navigation.cpp">
      <Filter>01. Utility\03. Components\09. Navigation</Filter>
    </ClCompile>
    <ClCompile Include="..\private\Cell.cpp">
      <Filter>01. Utility\03. Components\09. Navigation\Cell</Filter>
    </ClCompile>
    <ClCompile Include="stdafx.cpp">
      <Filter>Default</Filter>
    </ClCompile>
    <ClCompile Include="..\private\Engine_Struct.cpp">
      <Filter>99.Defines</Filter>
    </ClCompile>
    <ClCompile Include="..\private\VIBuffer_Cell.cpp">
      <Filter>01. Utility\03. Components\02. VIBuffer\Cell</Filter>
    </ClCompile>
    <ClCompile Include="..\private\VIBuffer_Cube.cpp">
      <Filter>01. Utility\03. Components\02. VIBuffer\Cube</Filter>
    </ClCompile>
    <ClCompile Include="..\private\StateMachine.cpp">
      <Filter>01. Utility\03. Components\09. StateMachine\AJH</Filter>
    </ClCompile>
    <ClCompile Include="..\private\State.cpp">
      <Filter>01. Utility\03. Components\09. StateMachine\KKB</Filter>
    </ClCompile>
    <ClCompile Include="..\private\VIBuffer_Point_Instancing.cpp">
      <Filter>01. Utility\03. Components\02. VIBuffer\Instancing\Point</Filter>
    </ClCompile>
    <ClCompile Include="..\private\VIBuffer_Instancing.cpp">
      <Filter>01. Utility\03. Components\02. VIBuffer\Instancing</Filter>
    </ClCompile>
    <ClCompile Include="..\private\VIBuffer_Rect_Instancing.cpp">
      <Filter>01. Utility\03. Components\02. VIBuffer\Instancing\Rect</Filter>
    </ClCompile>
    <ClCompile Include="..\private\VIBuffer_Sphere.cpp">
      <Filter>01. Utility\03. Components\02. VIBuffer\Sphere</Filter>
    </ClCompile>
    <ClCompile Include="..\private\VIBuffer_Cell_Circle.cpp">
      <Filter>01. Utility\03. Components\02. VIBuffer\Cell\Circle</Filter>
    </ClCompile>
  </ItemGroup>
  <ItemGroup>
    <None Include="ClassDiagram.cd">
      <Filter>Default</Filter>
    </None>
    <None Include="ClassDiagram1.cd">
      <Filter>Default</Filter>
    </None>
  </ItemGroup>
  <ItemGroup>
    <ResourceCompile Include="Engine_JH.rc">
      <Filter>Default</Filter>
    </ResourceCompile>
  </ItemGroup>
  <ItemGroup>
    <FxCompile Include="..\Bin\ShaderFiles\Shader_Navigation.hlsl">
      <Filter>01. Utility\03. Components\09. Navigation\ShaderFiles</Filter>
    </FxCompile>
  </ItemGroup>
  <ItemGroup>
    <Text Include="..\public\HowToUse.txt">
      <Filter>01. Utility\03. Components\09. StateMachine\AJH</Filter>
    </Text>
  </ItemGroup>
</Project>